
Microsoft Visual Studio Solution File, Format Version 12.00
# Visual Studio 14
VisualStudioVersion = 14.0.25123.0
MinimumVisualStudioVersion = 10.0.40219.1
Project("{16B5CB76-970C-4EB0-9433-AB38BABC5169}") = "Sitecore.Support.126912", "Sitecore.Support.126912\Sitecore.Support.126912.csproj", "{43D95799-894A-45EA-92AB-30148F4C3797}"
EndProject
Global
	GlobalSection(SolutionConfigurationPlatforms) = preSolution
		Debug|Any CPU = Debug|Any CPU
		Release|Any CPU = Release|Any CPU
	EndGlobalSection
	GlobalSection(ProjectConfigurationPlatforms) = postSolution
		{43D95799-894A-45EA-92AB-30148F4C3797}.Debug|Any CPU.ActiveCfg = Debug|Any CPU
		{43D95799-894A-45EA-92AB-30148F4C3797}.Debug|Any CPU.Build.0 = Debug|Any CPU
		{43D95799-894A-45EA-92AB-30148F4C3797}.Release|Any CPU.ActiveCfg = Release|Any CPU
		{43D95799-894A-45EA-92AB-30148F4C3797}.Release|Any CPU.Build.0 = Release|Any CPU
	EndGlobalSection
	GlobalSection(SolutionProperties) = preSolution
		HideSolutionNode = FALSE
	EndGlobalSection
EndGlobal
